
Microsoft Visual Studio Solution File, Format Version 12.00
# Visual Studio Version 17
VisualStudioVersion = 17.11.35431.28
MinimumVisualStudioVersion = 10.0.40219.1
Project("{FAE04EC0-301F-11D3-BF4B-00C04F79EFBC}") = "NorthWind", "NorthWind.csproj", "{97F66E67-C99D-43D4-AB58-E932F6D5B9A7}"
EndProject
Global
	GlobalSection(SolutionConfigurationPlatforms) = preSolution
		Debug|Any CPU = Debug|Any CPU
		Release|Any CPU = Release|Any CPU
	EndGlobalSection
	GlobalSection(ProjectConfigurationPlatforms) = postSolution
		{97F66E67-C99D-43D4-AB58-E932F6D5B9A7}.Debug|Any CPU.ActiveCfg = Debug|Any CPU
		{97F66E67-C99D-43D4-AB58-E932F6D5B9A7}.Debug|Any CPU.Build.0 = Debug|Any CPU
		{97F66E67-C99D-43D4-AB58-E932F6D5B9A7}.Release|Any CPU.ActiveCfg = Release|Any CPU
		{97F66E67-C99D-43D4-AB58-E932F6D5B9A7}.Release|Any CPU.Build.0 = Release|Any CPU
	EndGlobalSection
	GlobalSection(SolutionProperties) = preSolution
		HideSolutionNode = FALSE
	EndGlobalSection
	GlobalSection(ExtensibilityGlobals) = postSolution
		SolutionGuid = {2A8F3603-BDA3-46EF-BD10-4CB0E1CE739F}
	EndGlobalSection
EndGlobal
